[[package]]
category = "dev"
description = "Atomic file writes."
marker = "sys_platform == \"win32\""
name = "atomicwrites"
optional = false
python-versions = ">=2.7, !=3.0.*, !=3.1.*, !=3.2.*, !=3.3.*"
version = "1.4.0"

[[package]]
category = "dev"
description = "Classes Without Boilerplate"
name = "attrs"
optional = false
python-versions = ">=2.7, !=3.0.*, !=3.1.*, !=3.2.*, !=3.3.*"
version = "19.3.0"

[package.extras]
azure-pipelines = ["coverage", "hypothesis", "pympler", "pytest (>=4.3.0)", "six", "zope.interface", "pytest-azurepipelines"]
dev = ["coverage", "hypothesis", "pympler", "pytest (>=4.3.0)", "six", "zope.interface", "sphinx", "pre-commit"]
docs = ["sphinx", "zope.interface"]
tests = ["coverage", "hypothesis", "pympler", "pytest (>=4.3.0)", "six", "zope.interface"]

[[package]]
category = "main"
description = "Function decoration for backoff and retry"
name = "backoff"
optional = false
python-versions = ">=2.7, !=3.0.*, !=3.1.*, !=3.2.*, !=3.3.*, !=3.4.*"
version = "1.10.0"

[[package]]
category = "main"
description = "Gen3 shared exceptions and utilities."
name = "cdiserrors"
optional = false
python-versions = ">=3.6,<4.0"
version = "1.0.0b2"

[package.dependencies]
cdislogging = ">=1.0.0,<2.0.0"

[package.extras]
flask = ["Flask (>=1.1.2,<2.0.0)"]

[[package]]
category = "main"
description = "Standardized logging tool and format for cdis applications"
name = "cdislogging"
optional = false
python-versions = "*"
version = "1.0.0"

[[package]]
category = "main"
description = "Python package for providing Mozilla's CA Bundle."
name = "certifi"
optional = false
python-versions = "*"
version = "2020.4.5.1"

[[package]]
category = "main"
description = "Universal encoding detector for Python 2 and 3"
name = "chardet"
optional = false
python-versions = "*"
version = "3.0.4"

[[package]]
category = "dev"
description = "Cross-platform colored terminal text."
marker = "sys_platform == \"win32\""
name = "colorama"
optional = false
python-versions = ">=2.7, !=3.0.*, !=3.1.*, !=3.2.*, !=3.3.*, !=3.4.*"
version = "0.4.3"

[[package]]
category = "main"
description = "PEP 567 Backport"
marker = "python_version < \"3.7\""
name = "contextvars"
optional = false
python-versions = "*"
version = "2.4"

[package.dependencies]
immutables = ">=0.9"

[[package]]
category = "dev"
description = "Code coverage measurement for Python"
name = "coverage"
optional = false
python-versions = ">=2.7, !=3.0.*, !=3.1.*, !=3.2.*, !=3.3.*, !=3.4.*, <4"
version = "5.1"

[package.extras]
toml = ["toml"]

[[package]]
category = "dev"
description = "Git Object Database"
name = "gitdb"
optional = false
python-versions = ">=3.4"
version = "4.0.5"

[package.dependencies]
smmap = ">=3.0.1,<4"

[[package]]
category = "dev"
description = "A mirror package for gitdb"
name = "gitdb2"
optional = false
python-versions = "*"
version = "4.0.2"

[package.dependencies]
gitdb = ">=4.0.1"

[[package]]
category = "dev"
description = "Python Git Library"
name = "gitpython"
optional = false
python-versions = ">=3.4"
version = "3.0.6"

[package.dependencies]
gitdb2 = ">=2.0.0"

[[package]]
category = "main"
description = "A pure-Python, bring-your-own-I/O implementation of HTTP/1.1"
name = "h11"
optional = false
python-versions = "*"
version = "0.9.0"

[[package]]
category = "main"
description = "HTTP/2 State-Machine based protocol implementation"
name = "h2"
optional = false
python-versions = "*"
version = "3.2.0"

[package.dependencies]
hpack = ">=3.0,<4"
hyperframe = ">=5.2.0,<6"

[[package]]
category = "main"
description = "Pure-Python HPACK header compression"
name = "hpack"
optional = false
python-versions = "*"
version = "3.0.0"

[[package]]
category = "main"
description = "Chromium HSTS Preload list as a Python package and updated daily"
name = "hstspreload"
optional = false
python-versions = ">=3.6"
version = "2020.5.19"

[[package]]
category = "main"
description = "The next generation HTTP client."
name = "httpx"
optional = false
python-versions = ">=3.6"
version = "0.12.1"

[package.dependencies]
certifi = "*"
chardet = ">=3.0.0,<4.0.0"
h11 = ">=0.8,<0.10"
h2 = ">=3.0.0,<4.0.0"
hstspreload = "*"
idna = ">=2.0.0,<3.0.0"
rfc3986 = ">=1.3,<2"
sniffio = ">=1.0.0,<2.0.0"
urllib3 = ">=1.0.0,<2.0.0"

[[package]]
category = "main"
description = "HTTP/2 framing layer for Python"
name = "hyperframe"
optional = false
python-versions = "*"
version = "5.2.0"

[[package]]
category = "main"
description = "Internationalized Domain Names in Applications (IDNA)"
name = "idna"
optional = false
python-versions = ">=2.7, !=3.0.*, !=3.1.*, !=3.2.*, !=3.3.*"
version = "2.9"

[[package]]
category = "main"
description = "Immutable Collections"
marker = "python_version < \"3.7\""
name = "immutables"
optional = false
python-versions = ">=3.5"
version = "0.14"

[[package]]
category = "dev"
description = "Read metadata from Python packages"
marker = "python_version < \"3.8\""
name = "importlib-metadata"
optional = false
python-versions = "!=3.0.*,!=3.1.*,!=3.2.*,!=3.3.*,!=3.4.*,>=2.7"
version = "1.6.0"

[package.dependencies]
zipp = ">=0.5"

[package.extras]
docs = ["sphinx", "rst.linker"]
testing = ["packaging", "importlib-resources"]

[[package]]
category = "dev"
description = "Rolling backport of unittest.mock for all Pythons"
name = "mock"
optional = false
python-versions = ">=3.6"
version = "4.0.2"

[package.extras]
build = ["twine", "wheel", "blurb"]
docs = ["sphinx"]
test = ["pytest", "pytest-cov"]

[[package]]
category = "dev"
description = "More routines for operating on iterables, beyond itertools"
name = "more-itertools"
optional = false
python-versions = ">=3.5"
version = "8.3.0"

[[package]]
category = "dev"
description = "Core utilities for Python packages"
name = "packaging"
optional = false
python-versions = ">=2.7, !=3.0.*, !=3.1.*, !=3.2.*, !=3.3.*"
version = "20.4"

[package.dependencies]
pyparsing = ">=2.0.2"
six = "*"

[[package]]
category = "dev"
description = "plugin and hook calling mechanisms for python"
name = "pluggy"
optional = false
python-versions = ">=2.7, !=3.0.*, !=3.1.*, !=3.2.*, !=3.3.*"
version = "0.13.1"

[package.dependencies]
[package.dependencies.importlib-metadata]
python = "<3.8"
version = ">=0.12"

[package.extras]
dev = ["pre-commit", "tox"]

[[package]]
category = "dev"
description = "library with cross-python path, ini-parsing, io, code, log facilities"
name = "py"
optional = false
python-versions = ">=2.7, !=3.0.*, !=3.1.*, !=3.2.*, !=3.3.*"
version = "1.8.1"

[[package]]
category = "dev"
description = "Python parsing module"
name = "pyparsing"
optional = false
python-versions = ">=2.6, !=3.0.*, !=3.1.*, !=3.2.*"
version = "2.4.7"

[[package]]
category = "dev"
description = "pytest: simple powerful testing with Python"
name = "pytest"
optional = false
python-versions = ">=3.5"
version = "5.4.2"

[package.dependencies]
atomicwrites = ">=1.0"
attrs = ">=17.4.0"
colorama = "*"
more-itertools = ">=4.0.0"
packaging = "*"
pluggy = ">=0.12,<1.0"
py = ">=1.5.0"
wcwidth = "*"

[package.dependencies.importlib-metadata]
python = "<3.8"
version = ">=0.12"

[package.extras]
checkqa-mypy = ["mypy (v0.761)"]
testing = ["argcomplete", "hypothesis (>=3.56)", "mock", "nose", "requests", "xmlschema"]

[[package]]
category = "dev"
description = "Pytest support for asyncio."
name = "pytest-asyncio"
optional = false
python-versions = ">= 3.5"
version = "0.12.0"

[package.dependencies]
pytest = ">=5.4.0"

[package.extras]
testing = ["async_generator (>=1.3)", "coverage", "hypothesis (>=5.7.1)"]

[[package]]
category = "dev"
description = "Pytest plugin for measuring coverage."
name = "pytest-cov"
optional = false
python-versions = ">=2.7, !=3.0.*, !=3.1.*, !=3.2.*, !=3.3.*, !=3.4.*"
version = "2.9.0"

[package.dependencies]
coverage = ">=4.4"
pytest = ">=3.6"

[package.extras]
testing = ["fields", "hunter", "process-tests (2.0.2)", "six", "pytest-xdist", "virtualenv"]

[[package]]
category = "main"
description = "Validating URI References per RFC 3986"
name = "rfc3986"
optional = false
python-versions = "*"
version = "1.4.0"

[package.extras]
idna2008 = ["idna"]

[[package]]
category = "dev"
description = "Python 2 and 3 compatibility utilities"
name = "six"
optional = false
python-versions = ">=2.7, !=3.0.*, !=3.1.*, !=3.2.*"
version = "1.15.0"

[[package]]
category = "dev"
description = "A pure Python implementation of a sliding window memory map manager"
name = "smmap"
optional = false
python-versions = ">=2.7, !=3.0.*, !=3.1.*, !=3.2.*, !=3.3.*"
version = "3.0.4"

[[package]]
category = "main"
description = "Sniff out which async library your code is running under"
name = "sniffio"
optional = false
python-versions = ">=3.5"
version = "1.1.0"

[package.dependencies]
[package.dependencies.contextvars]
python = "<3.7"
version = ">=2.1"

[[package]]
category = "dev"
description = "Searches through git repositories for high entropy strings, digging deep into commit history."
name = "trufflehog"
optional = false
python-versions = "*"
version = "2.1.11"

[package.dependencies]
GitPython = "3.0.6"
truffleHogRegexes = "0.0.7"

[[package]]
category = "dev"
description = "These regexes power truffleHog."
name = "trufflehogregexes"
optional = false
python-versions = "*"
version = "0.0.7"

[[package]]
category = "main"
description = "HTTP library with thread-safe connection pooling, file post, and more."
name = "urllib3"
optional = false
python-versions = ">=2.7, !=3.0.*, !=3.1.*, !=3.2.*, !=3.3.*, !=3.4.*, <4"
version = "1.25.9"

[package.extras]
brotli = ["brotlipy (>=0.6.0)"]
secure = ["certifi", "cryptography (>=1.3.4)", "idna (>=2.0.0)", "pyOpenSSL (>=0.14)", "ipaddress"]
socks = ["PySocks (>=1.5.6,<1.5.7 || >1.5.7,<2.0)"]

[[package]]
category = "dev"
description = "Measures number of Terminal column cells of wide-character codes"
name = "wcwidth"
optional = false
python-versions = "*"
version = "0.1.9"

[[package]]
category = "dev"
description = "Backport of pathlib-compatible object wrapper for zip files"
marker = "python_version < \"3.8\""
name = "zipp"
optional = false
python-versions = ">=3.6"
version = "3.1.0"

[package.extras]
docs = ["sphinx", "jaraco.packaging (>=3.2)", "rst.linker (>=1.9)"]
testing = ["jaraco.itertools", "func-timeout"]

[metadata]
content-hash = "197dfc7290bc90473ea54a21f341f47ae5dfe448da48544b7345d0e19ee5706d"
python-versions = "^3.6"

[metadata.files]
atomicwrites = [
    {file = "atomicwrites-1.4.0-py2.py3-none-any.whl", hash = "sha256:6d1784dea7c0c8d4a5172b6c620f40b6e4cbfdf96d783691f2e1302a7b88e197"},
    {file = "atomicwrites-1.4.0.tar.gz", hash = "sha256:ae70396ad1a434f9c7046fd2dd196fc04b12f9e91ffb859164193be8b6168a7a"},
]
attrs = [
    {file = "attrs-19.3.0-py2.py3-none-any.whl", hash = "sha256:08a96c641c3a74e44eb59afb61a24f2cb9f4d7188748e76ba4bb5edfa3cb7d1c"},
    {file = "attrs-19.3.0.tar.gz", hash = "sha256:f7b7ce16570fe9965acd6d30101a28f62fb4a7f9e926b3bbc9b61f8b04247e72"},
]
backoff = [
    {file = "backoff-1.10.0-py2.py3-none-any.whl", hash = "sha256:5e73e2cbe780e1915a204799dba0a01896f45f4385e636bcca7a0614d879d0cd"},
    {file = "backoff-1.10.0.tar.gz", hash = "sha256:b8fba021fac74055ac05eb7c7bfce4723aedde6cd0a504e5326bcb0bdd6d19a4"},
]
cdiserrors = [
    {file = "cdiserrors-1.0.0b2-py3-none-any.whl", hash = "sha256:76eba47931de1a313923976d2b84d2b95108f622b8cefb44842e817e158f585e"},
    {file = "cdiserrors-1.0.0b2.tar.gz", hash = "sha256:6ff1fe70d83680df200ac23c556a4a55a7460ce7996b18be3e4ee4ceb0067ce3"},
]
cdislogging = [
    {file = "cdislogging-1.0.0.tar.gz", hash = "sha256:a1cc2e48d5fc26d4b354b80c6497f1f1136f3e3e4f1d1855de8980ccf497fa0a"},
]
certifi = [
    {file = "certifi-2020.4.5.1-py2.py3-none-any.whl", hash = "sha256:1d987a998c75633c40847cc966fcf5904906c920a7f17ef374f5aa4282abd304"},
    {file = "certifi-2020.4.5.1.tar.gz", hash = "sha256:51fcb31174be6e6664c5f69e3e1691a2d72a1a12e90f872cbdb1567eb47b6519"},
]
chardet = [
    {file = "chardet-3.0.4-py2.py3-none-any.whl", hash = "sha256:fc323ffcaeaed0e0a02bf4d117757b98aed530d9ed4531e3e15460124c106691"},
    {file = "chardet-3.0.4.tar.gz", hash = "sha256:84ab92ed1c4d4f16916e05906b6b75a6c0fb5db821cc65e70cbd64a3e2a5eaae"},
]
colorama = [
    {file = "colorama-0.4.3-py2.py3-none-any.whl", hash = "sha256:7d73d2a99753107a36ac6b455ee49046802e59d9d076ef8e47b61499fa29afff"},
    {file = "colorama-0.4.3.tar.gz", hash = "sha256:e96da0d330793e2cb9485e9ddfd918d456036c7149416295932478192f4436a1"},
]
contextvars = [
    {file = "contextvars-2.4.tar.gz", hash = "sha256:f38c908aaa59c14335eeea12abea5f443646216c4e29380d7bf34d2018e2c39e"},
]
coverage = [
    {file = "coverage-5.1-cp27-cp27m-macosx_10_12_x86_64.whl", hash = "sha256:0cb4be7e784dcdc050fc58ef05b71aa8e89b7e6636b99967fadbdba694cf2b65"},
    {file = "coverage-5.1-cp27-cp27m-macosx_10_13_intel.whl", hash = "sha256:c317eaf5ff46a34305b202e73404f55f7389ef834b8dbf4da09b9b9b37f76dd2"},
    {file = "coverage-5.1-cp27-cp27m-manylinux1_i686.whl", hash = "sha256:b83835506dfc185a319031cf853fa4bb1b3974b1f913f5bb1a0f3d98bdcded04"},
    {file = "coverage-5.1-cp27-cp27m-manylinux1_x86_64.whl", hash = "sha256:5f2294dbf7875b991c381e3d5af2bcc3494d836affa52b809c91697449d0eda6"},
    {file = "coverage-5.1-cp27-cp27m-win32.whl", hash = "sha256:de807ae933cfb7f0c7d9d981a053772452217df2bf38e7e6267c9cbf9545a796"},
    {file = "coverage-5.1-cp27-cp27m-win_amd64.whl", hash = "sha256:bf9cb9a9fd8891e7efd2d44deb24b86d647394b9705b744ff6f8261e6f29a730"},
    {file = "coverage-5.1-cp27-cp27mu-manylinux1_i686.whl", hash = "sha256:acf3763ed01af8410fc36afea23707d4ea58ba7e86a8ee915dfb9ceff9ef69d0"},
    {file = "coverage-5.1-cp27-cp27mu-manylinux1_x86_64.whl", hash = "sha256:dec5202bfe6f672d4511086e125db035a52b00f1648d6407cc8e526912c0353a"},
    {file = "coverage-5.1-cp35-cp35m-macosx_10_12_x86_64.whl", hash = "sha256:7a5bdad4edec57b5fb8dae7d3ee58622d626fd3a0be0dfceda162a7035885ecf"},
    {file = "coverage-5.1-cp35-cp35m-manylinux1_i686.whl", hash = "sha256:1601e480b9b99697a570cea7ef749e88123c04b92d84cedaa01e117436b4a0a9"},
    {file = "coverage-5.1-cp35-cp35m-manylinux1_x86_64.whl", hash = "sha256:dbe8c6ae7534b5b024296464f387d57c13caa942f6d8e6e0346f27e509f0f768"},
    {file = "coverage-5.1-cp35-cp35m-win32.whl", hash = "sha256:a027ef0492ede1e03a8054e3c37b8def89a1e3c471482e9f046906ba4f2aafd2"},
    {file = "coverage-5.1-cp35-cp35m-win_amd64.whl", hash = "sha256:0e61d9803d5851849c24f78227939c701ced6704f337cad0a91e0972c51c1ee7"},
    {file = "coverage-5.1-cp36-cp36m-macosx_10_13_x86_64.whl", hash = "sha256:2d27a3f742c98e5c6b461ee6ef7287400a1956c11421eb574d843d9ec1f772f0"},
    {file = "coverage-5.1-cp36-cp36m-manylinux1_i686.whl", hash = "sha256:66460ab1599d3cf894bb6baee8c684788819b71a5dc1e8fa2ecc152e5d752019"},
    {file = "coverage-5.1-cp36-cp36m-manylinux1_x86_64.whl", hash = "sha256:5c542d1e62eece33c306d66fe0a5c4f7f7b3c08fecc46ead86d7916684b36d6c"},
    {file = "coverage-5.1-cp36-cp36m-win32.whl", hash = "sha256:2742c7515b9eb368718cd091bad1a1b44135cc72468c731302b3d641895b83d1"},
    {file = "coverage-5.1-cp36-cp36m-win_amd64.whl", hash = "sha256:dead2ddede4c7ba6cb3a721870f5141c97dc7d85a079edb4bd8d88c3ad5b20c7"},
    {file = "coverage-5.1-cp37-cp37m-macosx_10_13_x86_64.whl", hash = "sha256:01333e1bd22c59713ba8a79f088b3955946e293114479bbfc2e37d522be03355"},
    {file = "coverage-5.1-cp37-cp37m-manylinux1_i686.whl", hash = "sha256:e1ea316102ea1e1770724db01998d1603ed921c54a86a2efcb03428d5417e489"},
    {file = "coverage-5.1-cp37-cp37m-manylinux1_x86_64.whl", hash = "sha256:adeb4c5b608574a3d647011af36f7586811a2c1197c861aedb548dd2453b41cd"},
    {file = "coverage-5.1-cp37-cp37m-win32.whl", hash = "sha256:782caea581a6e9ff75eccda79287daefd1d2631cc09d642b6ee2d6da21fc0a4e"},
    {file = "coverage-5.1-cp37-cp37m-win_amd64.whl", hash = "sha256:00f1d23f4336efc3b311ed0d807feb45098fc86dee1ca13b3d6768cdab187c8a"},
    {file = "coverage-5.1-cp38-cp38-macosx_10_13_x86_64.whl", hash = "sha256:402e1744733df483b93abbf209283898e9f0d67470707e3c7516d84f48524f55"},
    {file = "coverage-5.1-cp38-cp38-manylinux1_i686.whl", hash = "sha256:a3f3654d5734a3ece152636aad89f58afc9213c6520062db3978239db122f03c"},
    {file = "coverage-5.1-cp38-cp38-manylinux1_x86_64.whl", hash = "sha256:6402bd2fdedabbdb63a316308142597534ea8e1895f4e7d8bf7476c5e8751fef"},
    {file = "coverage-5.1-cp38-cp38-win32.whl", hash = "sha256:8fa0cbc7ecad630e5b0f4f35b0f6ad419246b02bc750de7ac66db92667996d24"},
    {file = "coverage-5.1-cp38-cp38-win_amd64.whl", hash = "sha256:79a3cfd6346ce6c13145731d39db47b7a7b859c0272f02cdb89a3bdcbae233a0"},
    {file = "coverage-5.1-cp39-cp39-win32.whl", hash = "sha256:a82b92b04a23d3c8a581fc049228bafde988abacba397d57ce95fe95e0338ab4"},
    {file = "coverage-5.1-cp39-cp39-win_amd64.whl", hash = "sha256:bb28a7245de68bf29f6fb199545d072d1036a1917dca17a1e75bbb919e14ee8e"},
    {file = "coverage-5.1.tar.gz", hash = "sha256:f90bfc4ad18450c80b024036eaf91e4a246ae287701aaa88eaebebf150868052"},
]
gitdb = [
    {file = "gitdb-4.0.5-py3-none-any.whl", hash = "sha256:91f36bfb1ab7949b3b40e23736db18231bf7593edada2ba5c3a174a7b23657ac"},
    {file = "gitdb-4.0.5.tar.gz", hash = "sha256:c9e1f2d0db7ddb9a704c2a0217be31214e91a4fe1dea1efad19ae42ba0c285c9"},
]
gitdb2 = [
    {file = "gitdb2-4.0.2-py3-none-any.whl", hash = "sha256:a1c974e5fab8c2c90192c1367c81cbc54baec04244bda1816e9c8ab377d1cba3"},
    {file = "gitdb2-4.0.2.tar.gz", hash = "sha256:0986cb4003de743f2b3aba4c828edd1ab58ce98e1c4a8acf72ef02760d4beb4e"},
]
gitpython = [
    {file = "GitPython-3.0.6-py3-none-any.whl", hash = "sha256:5b5b7b29baa27680a7dff85f171a251d48ac37c5f04cba15d381b56991cc7a48"},
]
h11 = [
    {file = "h11-0.9.0-py2.py3-none-any.whl", hash = "sha256:4bc6d6a1238b7615b266ada57e0618568066f57dd6fa967d1290ec9309b2f2f1"},
    {file = "h11-0.9.0.tar.gz", hash = "sha256:33d4bca7be0fa039f4e84d50ab00531047e53d6ee8ffbc83501ea602c169cae1"},
]
h2 = [
    {file = "h2-3.2.0-py2.py3-none-any.whl", hash = "sha256:61e0f6601fa709f35cdb730863b4e5ec7ad449792add80d1410d4174ed139af5"},
    {file = "h2-3.2.0.tar.gz", hash = "sha256:875f41ebd6f2c44781259005b157faed1a5031df3ae5aa7bcb4628a6c0782f14"},
]
hpack = [
    {file = "hpack-3.0.0-py2.py3-none-any.whl", hash = "sha256:0edd79eda27a53ba5be2dfabf3b15780928a0dff6eb0c60a3d6767720e970c89"},
    {file = "hpack-3.0.0.tar.gz", hash = "sha256:8eec9c1f4bfae3408a3f30500261f7e6a65912dc138526ea054f9ad98892e9d2"},
]
hstspreload = [
    {file = "hstspreload-2020.5.19-py3-none-any.whl", hash = "sha256:6f8f617d8e0dc2f8e2851131b1d43de24adea875a1a9238b1baa1c6373f162cc"},
    {file = "hstspreload-2020.5.19.tar.gz", hash = "sha256:d703d771d47035ad9298c14b84b8293a33fcbbfe6deedeeb35fa7e46dc3c619e"},
]
httpx = [
    {file = "httpx-0.12.1-py3-none-any.whl", hash = "sha256:ce51c8e8ed2834447fde5a94650299fd74017b7da69cc786b6421fefda09a393"},
    {file = "httpx-0.12.1.tar.gz", hash = "sha256:405b4749f597b1f45cae5bffc17b23dc251cce30a0c4c8126f1007b9e728a615"},
]
hyperframe = [
    {file = "hyperframe-5.2.0-py2.py3-none-any.whl", hash = "sha256:5187962cb16dcc078f23cb5a4b110098d546c3f41ff2d4038a9896893bbd0b40"},
    {file = "hyperframe-5.2.0.tar.gz", hash = "sha256:a9f5c17f2cc3c719b917c4f33ed1c61bd1f8dfac4b1bd23b7c80b3400971b41f"},
]
idna = [
    {file = "idna-2.9-py2.py3-none-any.whl", hash = "sha256:a068a21ceac8a4d63dbfd964670474107f541babbd2250d61922f029858365fa"},
    {file = "idna-2.9.tar.gz", hash = "sha256:7588d1c14ae4c77d74036e8c22ff447b26d0fde8f007354fd48a7814db15b7cb"},
]
immutables = [
    {file = "immutables-0.14-cp35-cp35m-macosx_10_14_x86_64.whl", hash = "sha256:860666fab142401a5535bf65cbd607b46bc5ed25b9d1eb053ca8ed9a1a1a80d6"},
    {file = "immutables-0.14-cp35-cp35m-manylinux1_x86_64.whl", hash = "sha256:ce01788878827c3f0331c254a4ad8d9721489a5e65cc43e19c80040b46e0d297"},
    {file = "immutables-0.14-cp36-cp36m-macosx_10_14_x86_64.whl", hash = "sha256:8797eed4042f4626b0bc04d9cf134208918eb0c937a8193a2c66df5041e62d2e"},
    {file = "immutables-0.14-cp36-cp36m-manylinux1_x86_64.whl", hash = "sha256:33ce2f977da7b5e0dddd93744862404bdb316ffe5853ec853e53141508fa2e6a"},
    {file = "immutables-0.14-cp36-cp36m-win_amd64.whl", hash = "sha256:6c8eace4d98988c72bcb37c05e79aae756832738305ae9497670482a82db08bc"},
    {file = "immutables-0.14-cp37-cp37m-macosx_10_14_x86_64.whl", hash = "sha256:ab6c18b7b2b2abc83e0edc57b0a38bf0915b271582a1eb8c7bed1c20398f8040"},
    {file = "immutables-0.14-cp37-cp37m-manylinux1_x86_64.whl", hash = "sha256:c099212fd6504513a50e7369fe281007c820cf9d7bb22a336486c63d77d6f0b2"},
    {file = "immutables-0.14-cp37-cp37m-win_amd64.whl", hash = "sha256:714aedbdeba4439d91cb5e5735cb10631fc47a7a69ea9cc8ecbac90322d50a4a"},
    {file = "immutables-0.14-cp38-cp38-macosx_10_14_x86_64.whl", hash = "sha256:1c11050c49e193a1ec9dda1747285333f6ba6a30bbeb2929000b9b1192097ec0"},
    {file = "immutables-0.14-cp38-cp38-manylinux1_x86_64.whl", hash = "sha256:c453e12b95e1d6bb4909e8743f88b7f5c0c97b86a8bc0d73507091cb644e3c1e"},
    {file = "immutables-0.14-cp38-cp38-win_amd64.whl", hash = "sha256:ef9da20ec0f1c5853b5c8f8e3d9e1e15b8d98c259de4b7515d789a606af8745e"},
    {file = "immutables-0.14.tar.gz", hash = "sha256:a0a1cc238b678455145bae291d8426f732f5255537ed6a5b7645949704c70a78"},
]
importlib-metadata = [
    {file = "importlib_metadata-1.6.0-py2.py3-none-any.whl", hash = "sha256:2a688cbaa90e0cc587f1df48bdc97a6eadccdcd9c35fb3f976a09e3b5016d90f"},
    {file = "importlib_metadata-1.6.0.tar.gz", hash = "sha256:34513a8a0c4962bc66d35b359558fd8a5e10cd472d37aec5f66858addef32c1e"},
]
mock = [
    {file = "mock-4.0.2-py3-none-any.whl", hash = "sha256:3f9b2c0196c60d21838f307f5825a7b86b678cedc58ab9e50a8988187b4d81e0"},
    {file = "mock-4.0.2.tar.gz", hash = "sha256:dd33eb70232b6118298d516bbcecd26704689c386594f0f3c4f13867b2c56f72"},
]
more-itertools = [
    {file = "more-itertools-8.3.0.tar.gz", hash = "sha256:558bb897a2232f5e4f8e2399089e35aecb746e1f9191b6584a151647e89267be"},
    {file = "more_itertools-8.3.0-py3-none-any.whl", hash = "sha256:7818f596b1e87be009031c7653d01acc46ed422e6656b394b0f765ce66ed4982"},
]
packaging = [
    {file = "packaging-20.4-py2.py3-none-any.whl", hash = "sha256:998416ba6962ae7fbd6596850b80e17859a5753ba17c32284f67bfff33784181"},
    {file = "packaging-20.4.tar.gz", hash = "sha256:4357f74f47b9c12db93624a82154e9b120fa8293699949152b22065d556079f8"},
]
pluggy = [
    {file = "pluggy-0.13.1-py2.py3-none-any.whl", hash = "sha256:966c145cd83c96502c3c3868f50408687b38434af77734af1e9ca461a4081d2d"},
    {file = "pluggy-0.13.1.tar.gz", hash = "sha256:15b2acde666561e1298d71b523007ed7364de07029219b604cf808bfa1c765b0"},
]
py = [
    {file = "py-1.8.1-py2.py3-none-any.whl", hash = "sha256:c20fdd83a5dbc0af9efd622bee9a5564e278f6380fffcacc43ba6f43db2813b0"},
    {file = "py-1.8.1.tar.gz", hash = "sha256:5e27081401262157467ad6e7f851b7aa402c5852dbcb3dae06768434de5752aa"},
]
pyparsing = [
    {file = "pyparsing-2.4.7-py2.py3-none-any.whl", hash = "sha256:ef9d7589ef3c200abe66653d3f1ab1033c3c419ae9b9bdb1240a85b024efc88b"},
    {file = "pyparsing-2.4.7.tar.gz", hash = "sha256:c203ec8783bf771a155b207279b9bccb8dea02d8f0c9e5f8ead507bc3246ecc1"},
]
pytest = [
    {file = "pytest-5.4.2-py3-none-any.whl", hash = "sha256:95c710d0a72d91c13fae35dce195633c929c3792f54125919847fdcdf7caa0d3"},
    {file = "pytest-5.4.2.tar.gz", hash = "sha256:eb2b5e935f6a019317e455b6da83dd8650ac9ffd2ee73a7b657a30873d67a698"},
]
pytest-asyncio = [
    {file = "pytest-asyncio-0.12.0.tar.gz", hash = "sha256:475bd2f3dc0bc11d2463656b3cbaafdbec5a47b47508ea0b329ee693040eebd2"},
]
pytest-cov = [
    {file = "pytest-cov-2.9.0.tar.gz", hash = "sha256:b6a814b8ed6247bd81ff47f038511b57fe1ce7f4cc25b9106f1a4b106f1d9322"},
    {file = "pytest_cov-2.9.0-py2.py3-none-any.whl", hash = "sha256:c87dfd8465d865655a8213859f1b4749b43448b5fae465cb981e16d52a811424"},
]
rfc3986 = [
    {file = "rfc3986-1.4.0-py2.py3-none-any.whl", hash = "sha256:af9147e9aceda37c91a05f4deb128d4b4b49d6b199775fd2d2927768abdc8f50"},
    {file = "rfc3986-1.4.0.tar.gz", hash = "sha256:112398da31a3344dc25dbf477d8df6cb34f9278a94fee2625d89e4514be8bb9d"},
]
six = [
    {file = "six-1.15.0-py2.py3-none-any.whl", hash = "sha256:8b74bedcbbbaca38ff6d7491d76f2b06b3592611af620f8426e82dddb04a5ced"},
    {file = "six-1.15.0.tar.gz", hash = "sha256:30639c035cdb23534cd4aa2dd52c3bf48f06e5f4a941509c8bafd8ce11080259"},
]
smmap = [
    {file = "smmap-3.0.4-py2.py3-none-any.whl", hash = "sha256:54c44c197c819d5ef1991799a7e30b662d1e520f2ac75c9efbeb54a742214cf4"},
    {file = "smmap-3.0.4.tar.gz", hash = "sha256:9c98bbd1f9786d22f14b3d4126894d56befb835ec90cef151af566c7e19b5d24"},
]
sniffio = [
    {file = "sniffio-1.1.0-py3-none-any.whl", hash = "sha256:20ed6d5b46f8ae136d00b9dcb807615d83ed82ceea6b2058cecb696765246da5"},
    {file = "sniffio-1.1.0.tar.gz", hash = "sha256:8e3810100f69fe0edd463d02ad407112542a11ffdc29f67db2bf3771afb87a21"},
]
trufflehog = [
    {file = "truffleHog-2.1.11-py2.py3-none-any.whl", hash = "sha256:ec3433f6ad2bc1894a050ecf5f58f3f1978dea23ff56557ce25bb26564bde286"},
    {file = "truffleHog-2.1.11.tar.gz", hash = "sha256:53619f0c5be082abd377f987291ace80bc3b88f864972b1a30494780980f769e"},
]
trufflehogregexes = [
    {file = "truffleHogRegexes-0.0.7-py2.py3-none-any.whl", hash = "sha256:627e7cd246153135dea86bacd1253df262c525874f9008395ffe81eb63f92352"},
    {file = "truffleHogRegexes-0.0.7.tar.gz", hash = "sha256:b81dfc60c86c1e353f436a0e201fd88edb72d5a574615a7858485c59edf32405"},
]
urllib3 = [
    {file = "urllib3-1.25.9-py2.py3-none-any.whl", hash = "sha256:88206b0eb87e6d677d424843ac5209e3fb9d0190d0ee169599165ec25e9d9115"},
    {file = "urllib3-1.25.9.tar.gz", hash = "sha256:3018294ebefce6572a474f0604c2021e33b3fd8006ecd11d62107a5d2a963527"},
]
wcwidth = [
    {file = "wcwidth-0.1.9-py2.py3-none-any.whl", hash = "sha256:cafe2186b3c009a04067022ce1dcd79cb38d8d65ee4f4791b8888d6599d1bbe1"},
    {file = "wcwidth-0.1.9.tar.gz", hash = "sha256:ee73862862a156bf77ff92b09034fc4825dd3af9cf81bc5b360668d425f3c5f1"},
]
zipp = [
    {file = "zipp-3.1.0-py3-none-any.whl", hash = "sha256:aa36550ff0c0b7ef7fa639055d797116ee891440eac1a56f378e2d3179e0320b"},
    {file = "zipp-3.1.0.tar.gz", hash = "sha256:c599e4d75c98f6798c509911d08a22e6c021d074469042177c8c86fb92eefd96"},
]
